
Microsoft Visual Studio Solution File, Format Version 12.00
# Visual Studio Version 16
VisualStudioVersion = 16.0.808.4
MinimumVisualStudioVersion = 10.0.40219.1
Project("{FAE04EC0-301F-11D3-BF4B-00C04F79EFBC}") = "TechJobsOO", "TechJobsOO1\TechJobsOO.csproj", "{354A27C2-3D50-4516-BB33-38484E2E5E30}"
EndProject
Project("{FAE04EC0-301F-11D3-BF4B-00C04F79EFBC}") = "TechJobsTests", "JobTests\TechJobsTests.csproj", "{E410B9DD-0195-482B-A13B-0274DC5B7EFA}"
EndProject
Global
	GlobalSection(SolutionConfigurationPlatforms) = preSolution
		Debug|Any CPU = Debug|Any CPU
		Release|Any CPU = Release|Any CPU
	EndGlobalSection
	GlobalSection(ProjectConfigurationPlatforms) = postSolution
		{354A27C2-3D50-4516-BB33-38484E2E5E30}.Debug|Any CPU.ActiveCfg = Debug|Any CPU
		{354A27C2-3D50-4516-BB33-38484E2E5E30}.Debug|Any CPU.Build.0 = Debug|Any CPU
		{354A27C2-3D50-4516-BB33-38484E2E5E30}.Release|Any CPU.ActiveCfg = Release|Any CPU
		{354A27C2-3D50-4516-BB33-38484E2E5E30}.Release|Any CPU.Build.0 = Release|Any CPU
		{E410B9DD-0195-482B-A13B-0274DC5B7EFA}.Debug|Any CPU.ActiveCfg = Debug|Any CPU
		{E410B9DD-0195-482B-A13B-0274DC5B7EFA}.Debug|Any CPU.Build.0 = Debug|Any CPU
		{E410B9DD-0195-482B-A13B-0274DC5B7EFA}.Release|Any CPU.ActiveCfg = Release|Any CPU
		{E410B9DD-0195-482B-A13B-0274DC5B7EFA}.Release|Any CPU.Build.0 = Release|Any CPU
	EndGlobalSection
	GlobalSection(SolutionProperties) = preSolution
		HideSolutionNode = FALSE
	EndGlobalSection
	GlobalSection(ExtensibilityGlobals) = postSolution
		SolutionGuid = {FA44CC6C-9F28-450D-B2D4-B55B2EFF0E98}
	EndGlobalSection
EndGlobal
